PODS:
  - FlutterMacOS (1.0.0)
  - sparkle_flutter (0.0.1):
    - FlutterMacOS

DEPENDENCIES:
  - FlutterMacOS (from `Flutter/ephemeral`)
  - sparkle_flutter (from `Flutter/ephemeral/.symlinks/plugins/sparkle_flutter/macos`)

EXTERNAL SOURCES:
  FlutterMacOS:
    :path: Flutter/ephemeral
  sparkle_flutter:
    :path: Flutter/ephemeral/.symlinks/plugins/sparkle_flutter/macos

SPEC CHECKSUMS:
  FlutterMacOS: 8f6f14fa908a6fb3fba0cd85dbd81ec4b251fb24
  sparkle_flutter: 081e640233c1ede6fdf3a684ad5febc23704e52d

PODFILE CHECKSUM: 75b906ae40964f17670c9a358c1a723ab34c5f97

COCOAPODS: 1.16.2
